// !$*UTF8*$!
{
	archiveVersion = 1;
	classes = {
	};
	objectVersion = 46;
	objects = {

/* Begin PBXBuildFile section */
		B617C4B516CFED8200C725D6 /* Cocoa.framework in Frameworks */ = {isa = PBXBuildFile; fileRef = B617C4B416CFED8200C725D6 /* Cocoa.framework */; };
		B617C4BF16CFED8200C725D6 /* InfoPlist.strings in Resources */ = {isa = PBXBuildFile; fileRef = B617C4BD16CFED8200C725D6 /* InfoPlist.strings */; };
		B617C4C116CFED8200C725D6 /* main.m in Sources */ = {isa = PBXBuildFile; fileRef = B617C4C016CFED8200C725D6 /* main.m */; };
		B617C4C516CFED8200C725D6 /* Credits.rtf in Resources */ = {isa = PBXBuildFile; fileRef = B617C4C316CFED8200C725D6 /* Credits.rtf */; };
		B617C4C816CFED8200C725D6 /* RFJAppDelegate.m in Sources */ = {isa = PBXBuildFile; fileRef = B617C4C716CFED8200C725D6 /* RFJAppDelegate.m */; };
		B617C4CB16CFED8200C725D6 /* MainMenu.xib in Resources */ = {isa = PBXBuildFile; fileRef = B617C4C916CFED8200C725D6 /* MainMenu.xib */; };
		B6DC4BA016D0507E00ECA473 /* NSImage+reframing.m in Sources */ = {isa = PBXBuildFile; fileRef = B6DC4B9F16D0507E00ECA473 /* NSImage+reframing.m */; };
/* End PBXBuildFile section */

/* Begin PBXFileReference section */
		B617C4B116CFED8200C725D6 /* Crop Artboard.app */ = {isa = PBXFileReference; explicitFileType = wrapper.application; includeInIndex = 0; path = "Crop Artboard.app"; sourceTree = BUILT_PRODUCTS_DIR; };
		B617C4B416CFED8200C725D6 /* Cocoa.framework */ = {isa = PBXFileReference; lastKnownFileType = wrapper.framework; name = Cocoa.framework; path = System/Library/Frameworks/Cocoa.framework; sourceTree = SDKROOT; };
		B617C4B716CFED8200C725D6 /* AppKit.framework */ = {isa = PBXFileReference; lastKnownFileType = wrapper.framework; name = AppKit.framework; path = System/Library/Frameworks/AppKit.framework; sourceTree = SDKROOT; };
		B617C4B816CFED8200C725D6 /* CoreData.framework */ = {isa = PBXFileReference; lastKnownFileType = wrapper.framework; name = CoreData.framework; path = System/Library/Frameworks/CoreData.framework; sourceTree = SDKROOT; };
		B617C4B916CFED8200C725D6 /* Foundation.framework */ = {isa = PBXFileReference; lastKnownFileType = wrapper.framework; name = Foundation.framework; path = System/Library/Frameworks/Foundation.framework; sourceTree = SDKROOT; };
		B617C4BC16CFED8200C725D6 /* Crop Artboard-Info.plist */ = {isa = PBXFileReference; lastKnownFileType = text.plist.xml; path = "Crop Artboard-Info.plist"; sourceTree = "<group>"; };
		B617C4BE16CFED8200C725D6 /* en */ = {isa = PBXFileReference; lastKnownFileType = text.plist.strings; name = en; path = en.lproj/InfoPlist.strings; sourceTree = "<group>"; };
		B617C4C016CFED8200C725D6 /* main.m */ = {isa = PBXFileReference; lastKnownFileType = sourcecode.c.objc; path = main.m; sourceTree = "<group>"; };
		B617C4C216CFED8200C725D6 /* Crop Artboard-Prefix.pch */ = {isa = PBXFileReference; lastKnownFileType = sourcecode.c.h; path = "Crop Artboard-Prefix.pch"; sourceTree = "<group>"; };
		B617C4C416CFED8200C725D6 /* en */ = {isa = PBXFileReference; lastKnownFileType = text.rtf; name = en; path = en.lproj/Credits.rtf; sourceTree = "<group>"; };
		B617C4C616CFED8200C725D6 /* RFJAppDelegate.h */ = {isa = PBXFileReference; lastKnownFileType = sourcecode.c.h; path = RFJAppDelegate.h; sourceTree = "<group>"; };
		B617C4C716CFED8200C725D6 /* RFJAppDelegate.m */ = {isa = PBXFileReference; lastKnownFileType = sourcecode.c.objc; path = RFJAppDelegate.m; sourceTree = "<group>"; };
		B617C4CA16CFED8200C725D6 /* en */ = {isa = PBXFileReference; lastKnownFileType = file.xib; name = en; path = en.lproj/MainMenu.xib; sourceTree = "<group>"; };
		B6DC4B9E16D0507E00ECA473 /* NSImage+reframing.h */ = {isa = PBXFileReference; fileEncoding = 4; lastKnownFileType = sourcecode.c.h; path = "NSImage+reframing.h"; sourceTree = "<group>"; };
		B6DC4B9F16D0507E00ECA473 /* NSImage+reframing.m */ = {isa = PBXFileReference; fileEncoding = 4; lastKnownFileType = sourcecode.c.objc; path = "NSImage+reframing.m"; sourceTree = "<group>"; };
/* End PBXFileReference section */

/* Begin PBXFrameworksBuildPhase section */
		B617C4AE16CFED8200C725D6 /* Frameworks */ = {
			isa = PBXFrameworksBuildPhase;
			buildActionMask = 2147483647;
			files = (
				B617C4B516CFED8200C725D6 /* Cocoa.framework in Frameworks */,
			);
			runOnlyForDeploymentPostprocessing = 0;
		};
/* End PBXFrameworksBuildPhase section */

/* Begin PBXGroup section */
		B617C4A816CFED8200C725D6 = {
			isa = PBXGroup;
			children = (
				B617C4BA16CFED8200C725D6 /* Resize */,
				B617C4B316CFED8200C725D6 /* Frameworks */,
				B617C4B216CFED8200C725D6 /* Products */,
			);
			sourceTree = "<group>";
		};
		B617C4B216CFED8200C725D6 /* Products */ = {
			isa = PBXGroup;
			children = (
				B617C4B116CFED8200C725D6 /* Crop Artboard.app */,
			);
			name = Products;
			sourceTree = "<group>";
		};
		B617C4B316CFED8200C725D6 /* Frameworks */ = {
			isa = PBXGroup;
			children = (
				B617C4B416CFED8200C725D6 /* Cocoa.framework */,
				B617C4B616CFED8200C725D6 /* Other Frameworks */,
			);
			name = Frameworks;
			sourceTree = "<group>";
		};
		B617C4B616CFED8200C725D6 /* Other Frameworks */ = {
			isa = PBXGroup;
			children = (
				B617C4B716CFED8200C725D6 /* AppKit.framework */,
				B617C4B816CFED8200C725D6 /* CoreData.framework */,
				B617C4B916CFED8200C725D6 /* Foundation.framework */,
			);
			name = "Other Frameworks";
			sourceTree = "<group>";
		};
		B617C4BA16CFED8200C725D6 /* Resize */ = {
			isa = PBXGroup;
			children = (
				B6DC4B9E16D0507E00ECA473 /* NSImage+reframing.h */,
				B6DC4B9F16D0507E00ECA473 /* NSImage+reframing.m */,
				B617C4C616CFED8200C725D6 /* RFJAppDelegate.h */,
				B617C4C716CFED8200C725D6 /* RFJAppDelegate.m */,
				B617C4C916CFED8200C725D6 /* MainMenu.xib */,
				B617C4BB16CFED8200C725D6 /* Supporting Files */,
			);
			path = Resize;
			sourceTree = "<group>";
		};
		B617C4BB16CFED8200C725D6 /* Supporting Files */ = {
			isa = PBXGroup;
			children = (
				B617C4BC16CFED8200C725D6 /* Crop Artboard-Info.plist */,
				B617C4BD16CFED8200C725D6 /* InfoPlist.strings */,
				B617C4C016CFED8200C725D6 /* main.m */,
				B617C4C216CFED8200C725D6 /* Crop Artboard-Prefix.pch */,
				B617C4C316CFED8200C725D6 /* Credits.rtf */,
			);
			name = "Supporting Files";
			sourceTree = "<group>";
		};
/* End PBXGroup section */

/* Begin PBXNativeTarget section */
		B617C4B016CFED8200C725D6 /* Crop Artboard */ = {
			isa = PBXNativeTarget;
			buildConfigurationList = B617C4CE16CFED8200C725D6 /* Build configuration list for PBXNativeTarget "Crop Artboard" */;
			buildPhases = (
				B617C4AD16CFED8200C725D6 /* Sources */,
				B617C4AE16CFED8200C725D6 /* Frameworks */,
				B617C4AF16CFED8200C725D6 /* Resources */,
			);
			buildRules = (
			);
			dependencies = (
			);
			name = "Crop Artboard";
			productName = Resize;
			productReference = B617C4B116CFED8200C725D6 /* Crop Artboard.app */;
			productType = "com.apple.product-type.application";
		};
/* End PBXNativeTarget section */

/* Begin PBXProject section */
		B617C4A916CFED8200C725D6 /* Project object */ = {
			isa = PBXProject;
			attributes = {
				CLASSPREFIX = RFJ;
				LastUpgradeCheck = 0460;
				ORGANIZATIONNAME = "Frederic Jacobs";
			};
			buildConfigurationList = B617C4AC16CFED8200C725D6 /* Build configuration list for PBXProject "Crop Artboard" */;
			compatibilityVersion = "Xcode 3.2";
			developmentRegion = English;
			hasScannedForEncodings = 0;
			knownRegions = (
				en,
			);
			mainGroup = B617C4A816CFED8200C725D6;
			productRefGroup = B617C4B216CFED8200C725D6 /* Products */;
			projectDirPath = "";
			projectRoot = "";
			targets = (
				B617C4B016CFED8200C725D6 /* Crop Artboard */,
			);
		};
/* End PBXProject section */

/* Begin PBXResourcesBuildPhase section */
		B617C4AF16CFED8200C725D6 /* Resources */ = {
			isa = PBXResourcesBuildPhase;
			buildActionMask = 2147483647;
			files = (
				B617C4BF16CFED8200C725D6 /* InfoPlist.strings in Resources */,
				B617C4C516CFED8200C725D6 /* Credits.rtf in Resources */,
				B617C4CB16CFED8200C725D6 /* MainMenu.xib in Resources */,
			);
			runOnlyForDeploymentPostprocessing = 0;
		};
/* End PBXResourcesBuildPhase section */

/* Begin PBXSourcesBuildPhase section */
		B617C4AD16CFED8200C725D6 /* Sources */ = {
			isa = PBXSourcesBuildPhase;
			buildActionMask = 2147483647;
			files = (
				B617C4C116CFED8200C725D6 /* main.m in Sources */,
				B617C4C816CFED8200C725D6 /* RFJAppDelegate.m in Sources */,
				B6DC4BA016D0507E00ECA473 /* NSImage+reframing.m in Sources */,
			);
			runOnlyForDeploymentPostprocessing = 0;
		};
/* End PBXSourcesBuildPhase section */

/* Begin PBXVariantGroup section */
		B617C4BD16CFED8200C725D6 /* InfoPlist.strings */ = {
			isa = PBXVariantGroup;
			children = (
				B617C4BE16CFED8200C725D6 /* en */,
			);
			name = InfoPlist.strings;
			sourceTree = "<group>";
		};
		B617C4C316CFED8200C725D6 /* Credits.rtf */ = {
			isa = PBXVariantGroup;
			children = (
				B617C4C416CFED8200C725D6 /* en */,
			);
			name = Credits.rtf;
			sourceTree = "<group>";
		};
		B617C4C916CFED8200C725D6 /* MainMenu.xib */ = {
			isa = PBXVariantGroup;
			children = (
				B617C4CA16CFED8200C725D6 /* en */,
			);
			name = MainMenu.xib;
			sourceTree = "<group>";
		};
/* End PBXVariantGroup section */

/* Begin XCBuildConfiguration section */
		B617C4CC16CFED8200C725D6 /* Debug */ = {
			isa = XCBuildConfiguration;
			buildSettings = {
				ALWAYS_SEARCH_USER_PATHS = NO;
				ARCHS = "$(ARCHS_STANDARD_64_BIT)";
				CLANG_CXX_LANGUAGE_STANDARD = "gnu++0x";
				CLANG_CXX_LIBRARY = "libc++";
				CLANG_ENABLE_OBJC_ARC = YES;
				CLANG_WARN_CONSTANT_CONVERSION = YES;
				CLANG_WARN_EMPTY_BODY = YES;
				CLANG_WARN_ENUM_CONVERSION = YES;
				CLANG_WARN_INT_CONVERSION = YES;
				CLANG_WARN__DUPLICATE_METHOD_MATCH = YES;
				COPY_PHASE_STRIP = NO;
				GCC_C_LANGUAGE_STANDARD = gnu99;
				GCC_DYNAMIC_NO_PIC = NO;
				GCC_ENABLE_OBJC_EXCEPTIONS = YES;
				GCC_OPTIMIZATION_LEVEL = 0;
				GCC_PREPROCESSOR_DEFINITIONS = (
					"DEBUG=1",
					"$(inherited)",
				);
				GCC_SYMBOLS_PRIVATE_EXTERN = NO;
				GCC_WARN_64_TO_32_BIT_CONVERSION = YES;
				GCC_WARN_ABOUT_RETURN_TYPE = YES;
				GCC_WARN_UNINITIALIZED_AUTOS = YES;
				GCC_WARN_UNUSED_VARIABLE = YES;
				MACOSX_DEPLOYMENT_TARGET = 10.8;
				ONLY_ACTIVE_ARCH = YES;
				SDKROOT = macosx;
			};
			name = Debug;
		};
		B617C4CD16CFED8200C725D6 /* Release */ = {
			isa = XCBuildConfiguration;
			buildSettings = {
				ALWAYS_SEARCH_USER_PATHS = NO;
				ARCHS = "$(ARCHS_STANDARD_64_BIT)";
				CLANG_CXX_LANGUAGE_STANDARD = "gnu++0x";
				CLANG_CXX_LIBRARY = "libc++";
				CLANG_ENABLE_OBJC_ARC = YES;
				CLANG_WARN_CONSTANT_CONVERSION = YES;
				CLANG_WARN_EMPTY_BODY = YES;
				CLANG_WARN_ENUM_CONVERSION = YES;
				CLANG_WARN_INT_CONVERSION = YES;
				CLANG_WARN__DUPLICATE_METHOD_MATCH = YES;
				COPY_PHASE_STRIP = YES;
				DEBUG_INFORMATION_FORMAT = "dwarf-with-dsym";
				GCC_C_LANGUAGE_STANDARD = gnu99;
				GCC_ENABLE_OBJC_EXCEPTIONS = YES;
				GCC_WARN_64_TO_32_BIT_CONVERSION = YES;
				GCC_WARN_ABOUT_RETURN_TYPE = YES;
				GCC_WARN_UNINITIALIZED_AUTOS = YES;
				GCC_WARN_UNUSED_VARIABLE = YES;
				MACOSX_DEPLOYMENT_TARGET = 10.8;
				SDKROOT = macosx;
			};
			name = Release;
		};
		B617C4CF16CFED8200C725D6 /* Debug */ = {
			isa = XCBuildConfiguration;
			buildSettings = {
				COMBINE_HIDPI_IMAGES = YES;
				GCC_PRECOMPILE_PREFIX_HEADER = YES;
				GCC_PREFIX_HEADER = "Resize/Crop Artboard-Prefix.pch";
				INFOPLIST_FILE = "Resize/Crop Artboard-Info.plist";
				PRODUCT_NAME = "Crop Artboard";
				WRAPPER_EXTENSION = app;
			};
			name = Debug;
		};
		B617C4D016CFED8200C725D6 /* Release */ = {
			isa = XCBuildConfiguration;
			buildSettings = {
				COMBINE_HIDPI_IMAGES = YES;
				GCC_PRECOMPILE_PREFIX_HEADER = YES;
				GCC_PREFIX_HEADER = "Resize/Crop Artboard-Prefix.pch";
				INFOPLIST_FILE = "Resize/Crop Artboard-Info.plist";
				PRODUCT_NAME = "Crop Artboard";
				WRAPPER_EXTENSION = app;
			};
			name = Release;
		};
/* End XCBuildConfiguration section */

/* Begin XCConfigurationList section */
		B617C4AC16CFED8200C725D6 /* Build configuration list for PBXProject "Crop Artboard" */ = {
			isa = XCConfigurationList;
			buildConfigurations = (
				B617C4CC16CFED8200C725D6 /* Debug */,
				B617C4CD16CFED8200C725D6 /* Release */,
			);
			defaultConfigurationIsVisible = 0;
			defaultConfigurationName = Release;
		};
		B617C4CE16CFED8200C725D6 /* Build configuration list for PBXNativeTarget "Crop Artboard" */ = {
			isa = XCConfigurationList;
			buildConfigurations = (
				B617C4CF16CFED8200C725D6 /* Debug */,
				B617C4D016CFED8200C725D6 /* Release */,
			);
			defaultConfigurationIsVisible = 0;
			defaultConfigurationName = Release;
		};
/* End XCConfigurationList section */
	};
	rootObject = B617C4A916CFED8200C725D6 /* Project object */;
}
